
Microsoft Visual Studio Solution File, Format Version 12.00
# Visual Studio Version 17
VisualStudioVersion = 17.7.34009.444
MinimumVisualStudioVersion = 10.0.40219.1
Project("{FAE04EC0-301F-11D3-BF4B-00C04F79EFBC}") = "Notenprogramm", "Notenprogramm.csproj", "{45FBAB54-EF3A-4552-BD85-C44601F5DF70}"
EndProject
Global
	GlobalSection(SolutionConfigurationPlatforms) = preSolution
		Debug|Any CPU = Debug|Any CPU
		Release|Any CPU = Release|Any CPU
	EndGlobalSection
	GlobalSection(ProjectConfigurationPlatforms) = postSolution
		{45FBAB54-EF3A-4552-BD85-C44601F5DF70}.Debug|Any CPU.ActiveCfg = Debug|Any CPU
		{45FBAB54-EF3A-4552-BD85-C44601F5DF70}.Debug|Any CPU.Build.0 = Debug|Any CPU
		{45FBAB54-EF3A-4552-BD85-C44601F5DF70}.Release|Any CPU.ActiveCfg = Release|Any CPU
		{45FBAB54-EF3A-4552-BD85-C44601F5DF70}.Release|Any CPU.Build.0 = Release|Any CPU
	EndGlobalSection
	GlobalSection(SolutionProperties) = preSolution
		HideSolutionNode = FALSE
	EndGlobalSection
	GlobalSection(ExtensibilityGlobals) = postSolution
		SolutionGuid = {82D5548A-37D1-4EDE-A289-D8605222863B}
	EndGlobalSection
EndGlobal
